
Microsoft Visual Studio Solution File, Format Version 12.00
# Visual Studio Version 17
VisualStudioVersion = 17.4.33122.133
MinimumVisualStudioVersion = 10.0.40219.1
Project("{8BC9CEB8-8B4A-11D0-8D11-00A0C91BC942}") = "BF1 - Mul - Chat - CP", "BF1 - Mul - Chat - CP.vcxproj", "{2CD42DDB-EF74-4469-B21C-4C0C5F8EDE17}"
EndProject
Global
	GlobalSection(SolutionConfigurationPlatforms) = preSolution
		Debug|x64 = Debug|x64
		Debug|x86 = Debug|x86
		Release|x64 = Release|x64
		Release|x86 = Release|x86
	EndGlobalSection
	GlobalSection(ProjectConfigurationPlatforms) = postSolution
		{2CD42DDB-EF74-4469-B21C-4C0C5F8EDE17}.Debug|x64.ActiveCfg = Debug|x64
		{2CD42DDB-EF74-4469-B21C-4C0C5F8EDE17}.Debug|x64.Build.0 = Debug|x64
		{2CD42DDB-EF74-4469-B21C-4C0C5F8EDE17}.Debug|x86.ActiveCfg = Debug|Win32
		{2CD42DDB-EF74-4469-B21C-4C0C5F8EDE17}.Debug|x86.Build.0 = Debug|Win32
		{2CD42DDB-EF74-4469-B21C-4C0C5F8EDE17}.Release|x64.ActiveCfg = Release|x64
		{2CD42DDB-EF74-4469-B21C-4C0C5F8EDE17}.Release|x64.Build.0 = Release|x64
		{2CD42DDB-EF74-4469-B21C-4C0C5F8EDE17}.Release|x86.ActiveCfg = Release|Win32
		{2CD42DDB-EF74-4469-B21C-4C0C5F8EDE17}.Release|x86.Build.0 = Release|Win32
	EndGlobalSection
	GlobalSection(SolutionProperties) = preSolution
		HideSolutionNode = FALSE
	EndGlobalSection
	GlobalSection(ExtensibilityGlobals) = postSolution
		SolutionGuid = {CE9F25CD-7801-4AA6-B415-3743C2BFA931}
	EndGlobalSection
EndGlobal
